# This file is autogenerated, do not edit; changes may be undone by the next 'dep ensure'.


[[projects]]
  branch = "v3"
  name = "gopkg.in/alexcesaro/quotedprintable.v3"
  packages = ["."]
  revision = "2caba252f4dc53eaf6b553000885530023f54623"

[[projects]]
  name = "gopkg.in/gomail.v2"
  packages = ["."]
  revision = "41f3572897373c5538c50a2402db15db079fa4fd"
  version = "2.0.0"

[solve-meta]
  analyzer-name = "dep"
  analyzer-version = 1
  inputs-digest = "eb7e807616e2dcb0bdc043b18a0f87f73d306de274187aa057c083703f3d34cf"
  solver-name = "gps-cdcl"
  solver-version = 1
